
Microsoft Visual Studio Solution File, Format Version 12.00
# Visual Studio Version 17
VisualStudioVersion = 17.7.34031.279
MinimumVisualStudioVersion = 10.0.40219.1
Project("{FAE04EC0-301F-11D3-BF4B-00C04F79EFBC}") = "SoundWave", "SoundWave\SoundWave.csproj", "{F13A02E0-1A5D-4342-8D72-10E0F05F5190}"
EndProject
Global
	GlobalSection(SolutionConfigurationPlatforms) = preSolution
		Debug|Any CPU = Debug|Any CPU
		Release|Any CPU = Release|Any CPU
	EndGlobalSection
	GlobalSection(ProjectConfigurationPlatforms) = postSolution
		{F13A02E0-1A5D-4342-8D72-10E0F05F5190}.Debug|Any CPU.ActiveCfg = Debug|Any CPU
		{F13A02E0-1A5D-4342-8D72-10E0F05F5190}.Debug|Any CPU.Build.0 = Debug|Any CPU
		{F13A02E0-1A5D-4342-8D72-10E0F05F5190}.Release|Any CPU.ActiveCfg = Release|Any CPU
		{F13A02E0-1A5D-4342-8D72-10E0F05F5190}.Release|Any CPU.Build.0 = Release|Any CPU
	EndGlobalSection
	GlobalSection(SolutionProperties) = preSolution
		HideSolutionNode = FALSE
	EndGlobalSection
	GlobalSection(ExtensibilityGlobals) = postSolution
		SolutionGuid = {56A852B3-D683-47FE-9B02-2E9342327794}
	EndGlobalSection
EndGlobal
